// !$*UTF8*$!
{
	archiveVersion = 1;
	classes = {
	};
	objectVersion = 50;
	objects = {

/* Begin PBXBuildFile section */
		6533038021C4D7290030DBA4 /* Main.storyboard in Resources */ = {isa = PBXBuildFile; fileRef = 6533037E21C4D7290030DBA4 /* Main.storyboard */; };
		6552EEFB21C4D1D500E9D5EE /* AppDelegate.swift in Sources */ = {isa = PBXBuildFile; fileRef = 6552EEFA21C4D1D500E9D5EE /* AppDelegate.swift */; };
		6552EEFD21C4D1D500E9D5EE /* ViewController.swift in Sources */ = {isa = PBXBuildFile; fileRef = 6552EEFC21C4D1D500E9D5EE /* ViewController.swift */; };
		6552EF0221C4D1DA00E9D5EE /* Assets.xcassets in Resources */ = {isa = PBXBuildFile; fileRef = 6552EF0121C4D1DA00E9D5EE /* Assets.xcassets */; };
		6552EF0521C4D1DA00E9D5EE /* LaunchScreen.storyboard in Resources */ = {isa = PBXBuildFile; fileRef = 6552EF0321C4D1DA00E9D5EE /* LaunchScreen.storyboard */; };
		6552EF1021C4D23B00E9D5EE /* SecondViewController.swift in Sources */ = {isa = PBXBuildFile; fileRef = 6552EF0F21C4D23B00E9D5EE /* SecondViewController.swift */; };
		6552EF1221C4D24200E9D5EE /* ThirdViewController.swift in Sources */ = {isa = PBXBuildFile; fileRef = 6552EF1121C4D24200E9D5EE /* ThirdViewController.swift */; };
		6552EF1421C4D25D00E9D5EE /* Student.swift in Sources */ = {isa = PBXBuildFile; fileRef = 6552EF1321C4D25D00E9D5EE /* Student.swift */; };
/* End PBXBuildFile section */

/* Begin PBXFileReference section */
		6533037F21C4D7290030DBA4 /* Base */ = {isa = PBXFileReference; lastKnownFileType = file.storyboard; name = Base; path = Base.lproj/Main.storyboard; sourceTree = "<group>"; };
		6552EEF721C4D1D500E9D5EE /* MultiMVC2.app */ = {isa = PBXFileReference; explicitFileType = wrapper.application; includeInIndex = 0; path = MultiMVC2.app; sourceTree = BUILT_PRODUCTS_DIR; };
		6552EEFA21C4D1D500E9D5EE /* AppDelegate.swift */ = {isa = PBXFileReference; lastKnownFileType = sourcecode.swift; path = AppDelegate.swift; sourceTree = "<group>"; };
		6552EEFC21C4D1D500E9D5EE /* ViewController.swift */ = {isa = PBXFileReference; lastKnownFileType = sourcecode.swift; path = ViewController.swift; sourceTree = "<group>"; };
		6552EF0121C4D1DA00E9D5EE /* Assets.xcassets */ = {isa = PBXFileReference; lastKnownFileType = folder.assetcatalog; path = Assets.xcassets; sourceTree = "<group>"; };
		6552EF0421C4D1DA00E9D5EE /* Base */ = {isa = PBXFileReference; lastKnownFileType = file.storyboard; name = Base; path = Base.lproj/LaunchScreen.storyboard; sourceTree = "<group>"; };
		6552EF0621C4D1DA00E9D5EE /* Info.plist */ = {isa = PBXFileReference; lastKnownFileType = text.plist.xml; path = Info.plist; sourceTree = "<group>"; };
		6552EF0F21C4D23B00E9D5EE /* SecondViewController.swift */ = {isa = PBXFileReference; fileEncoding = 4; lastKnownFileType = sourcecode.swift; name = SecondViewController.swift; path = ../../MultiMVC/MultiMVC/SecondViewController.swift; sourceTree = "<group>"; };
		6552EF1121C4D24200E9D5EE /* ThirdViewController.swift */ = {isa = PBXFileReference; fileEncoding = 4; lastKnownFileType = sourcecode.swift; name = ThirdViewController.swift; path = ../../MultiMVC/MultiMVC/ThirdViewController.swift; sourceTree = "<group>"; };
		6552EF1321C4D25D00E9D5EE /* Student.swift */ = {isa = PBXFileReference; fileEncoding = 4; lastKnownFileType = sourcecode.swift; name = Student.swift; path = ../../MultiMVC/MultiMVC/Student.swift; sourceTree = "<group>"; };
/* End PBXFileReference section */

/* Begin PBXFrameworksBuildPhase section */
		6552EEF421C4D1D500E9D5EE /* Frameworks */ = {
			isa = PBXFrameworksBuildPhase;
			buildActionMask = 2147483647;
			files = (
			);
			runOnlyForDeploymentPostprocessing = 0;
		};
/* End PBXFrameworksBuildPhase section */

/* Begin PBXGroup section */
		6552EEEE21C4D1D500E9D5EE = {
			isa = PBXGroup;
			children = (
				6552EEF921C4D1D500E9D5EE /* MultiMVC2 */,
				6552EEF821C4D1D500E9D5EE /* Products */,
			);
			sourceTree = "<group>";
		};
		6552EEF821C4D1D500E9D5EE /* Products */ = {
			isa = PBXGroup;
			children = (
				6552EEF721C4D1D500E9D5EE /* MultiMVC2.app */,
			);
			name = Products;
			sourceTree = "<group>";
		};
		6552EEF921C4D1D500E9D5EE /* MultiMVC2 */ = {
			isa = PBXGroup;
			children = (
				6552EEFA21C4D1D500E9D5EE /* AppDelegate.swift */,
				6552EEFC21C4D1D500E9D5EE /* ViewController.swift */,
				6552EF1321C4D25D00E9D5EE /* Student.swift */,
				6533037E21C4D7290030DBA4 /* Main.storyboard */,
				6552EF0121C4D1DA00E9D5EE /* Assets.xcassets */,
				6552EF0F21C4D23B00E9D5EE /* SecondViewController.swift */,
				6552EF1121C4D24200E9D5EE /* ThirdViewController.swift */,
				6552EF0321C4D1DA00E9D5EE /* LaunchScreen.storyboard */,
				6552EF0621C4D1DA00E9D5EE /* Info.plist */,
			);
			path = MultiMVC2;
			sourceTree = "<group>";
		};
/* End PBXGroup section */

/* Begin PBXNativeTarget section */
		6552EEF621C4D1D500E9D5EE /* MultiMVC2 */ = {
			isa = PBXNativeTarget;
			buildConfigurationList = 6552EF0921C4D1DA00E9D5EE /* Build configuration list for PBXNativeTarget "MultiMVC2" */;
			buildPhases = (
				6552EEF321C4D1D500E9D5EE /* Sources */,
				6552EEF421C4D1D500E9D5EE /* Frameworks */,
				6552EEF521C4D1D500E9D5EE /* Resources */,
			);
			buildRules = (
			);
			dependencies = (
			);
			name = MultiMVC2;
			productName = MultiMVC2;
			productReference = 6552EEF721C4D1D500E9D5EE /* MultiMVC2.app */;
			productType = "com.apple.product-type.application";
		};
/* End PBXNativeTarget section */

/* Begin PBXProject section */
		6552EEEF21C4D1D500E9D5EE /* Project object */ = {
			isa = PBXProject;
			attributes = {
				LastSwiftUpdateCheck = 0940;
				LastUpgradeCheck = 0940;
				ORGANIZATIONNAME = Guozhouqian;
				TargetAttributes = {
					6552EEF621C4D1D500E9D5EE = {
						CreatedOnToolsVersion = 9.4.1;
					};
				};
			};
			buildConfigurationList = 6552EEF221C4D1D500E9D5EE /* Build configuration list for PBXProject "MultiMVC2" */;
			compatibilityVersion = "Xcode 9.3";
			developmentRegion = en;
			hasScannedForEncodings = 0;
			knownRegions = (
				en,
				Base,
			);
			mainGroup = 6552EEEE21C4D1D500E9D5EE;
			productRefGroup = 6552EEF821C4D1D500E9D5EE /* Products */;
			projectDirPath = "";
			projectRoot = "";
			targets = (
				6552EEF621C4D1D500E9D5EE /* MultiMVC2 */,
			);
		};
/* End PBXProject section */

/* Begin PBXResourcesBuildPhase section */
		6552EEF521C4D1D500E9D5EE /* Resources */ = {
			isa = PBXResourcesBuildPhase;
			buildActionMask = 2147483647;
			files = (
				6533038021C4D7290030DBA4 /* Main.storyboard in Resources */,
				6552EF0521C4D1DA00E9D5EE /* LaunchScreen.storyboard in Resources */,
				6552EF0221C4D1DA00E9D5EE /* Assets.xcassets in Resources */,
			);
			runOnlyForDeploymentPostprocessing = 0;
		};
/* End PBXResourcesBuildPhase section */

/* Begin PBXSourcesBuildPhase section */
		6552EEF321C4D1D500E9D5EE /* Sources */ = {
			isa = PBXSourcesBuildPhase;
			buildActionMask = 2147483647;
			files = (
				6552EF1021C4D23B00E9D5EE /* SecondViewController.swift in Sources */,
				6552EEFD21C4D1D500E9D5EE /* ViewController.swift in Sources */,
				6552EF1221C4D24200E9D5EE /* ThirdViewController.swift in Sources */,
				6552EF1421C4D25D00E9D5EE /* Student.swift in Sources */,
				6552EEFB21C4D1D500E9D5EE /* AppDelegate.swift in Sources */,
			);
			runOnlyForDeploymentPostprocessing = 0;
		};
/* End PBXSourcesBuildPhase section */

/* Begin PBXVariantGroup section */
		6533037E21C4D7290030DBA4 /* Main.storyboard */ = {
			isa = PBXVariantGroup;
			children = (
				6533037F21C4D7290030DBA4 /* Base */,
			);
			name = Main.storyboard;
			sourceTree = "<group>";
		};
		6552EF0321C4D1DA00E9D5EE /* LaunchScreen.storyboard */ = {
			isa = PBXVariantGroup;
			children = (
				6552EF0421C4D1DA00E9D5EE /* Base */,
			);
			name = LaunchScreen.storyboard;
			sourceTree = "<group>";
		};
/* End PBXVariantGroup section */

/* Begin XCBuildConfiguration section */
		6552EF0721C4D1DA00E9D5EE /* Debug */ = {
			isa = XCBuildConfiguration;
			buildSettings = {
				ALWAYS_SEARCH_USER_PATHS = NO;
				CLANG_ANALYZER_NONNULL = YES;
				CLANG_ANALYZER_NUMBER_OBJECT_CONVERSION = YES_AGGRESSIVE;
				CLANG_CXX_LANGUAGE_STANDARD = "gnu++14";
				CLANG_CXX_LIBRARY = "libc++";
				CLANG_ENABLE_MODULES = YES;
				CLANG_ENABLE_OBJC_ARC = YES;
				CLANG_ENABLE_OBJC_WEAK = YES;
				CLANG_WARN_BLOCK_CAPTURE_AUTORELEASING = YES;
				CLANG_WARN_BOOL_CONVERSION = YES;
				CLANG_WARN_COMMA = YES;
				CLANG_WARN_CONSTANT_CONVERSION = YES;
				CLANG_WARN_DEPRECATED_OBJC_IMPLEMENTATIONS = YES;
				CLANG_WARN_DIRECT_OBJC_ISA_USAGE = YES_ERROR;
				CLANG_WARN_DOCUMENTATION_COMMENTS = YES;
				CLANG_WARN_EMPTY_BODY = YES;
				CLANG_WARN_ENUM_CONVERSION = YES;
				CLANG_WARN_INFINITE_RECURSION = YES;
				CLANG_WARN_INT_CONVERSION = YES;
				CLANG_WARN_NON_LITERAL_NULL_CONVERSION = YES;
				CLANG_WARN_OBJC_IMPLICIT_RETAIN_SELF = YES;
				CLANG_WARN_OBJC_LITERAL_CONVERSION = YES;
				CLANG_WARN_OBJC_ROOT_CLASS = YES_ERROR;
				CLANG_WARN_RANGE_LOOP_ANALYSIS = YES;
				CLANG_WARN_STRICT_PROTOTYPES = YES;
				CLANG_WARN_SUSPICIOUS_MOVE = YES;
				CLANG_WARN_UNGUARDED_AVAILABILITY = YES_AGGRESSIVE;
				CLANG_WARN_UNREACHABLE_CODE = YES;
				CLANG_WARN__DUPLICATE_METHOD_MATCH = YES;
				CODE_SIGN_IDENTITY = "iPhone Developer";
				COPY_PHASE_STRIP = NO;
				DEBUG_INFORMATION_FORMAT = dwarf;
				ENABLE_STRICT_OBJC_MSGSEND = YES;
				ENABLE_TESTABILITY = YES;
				GCC_C_LANGUAGE_STANDARD = gnu11;
				GCC_DYNAMIC_NO_PIC = NO;
				GCC_NO_COMMON_BLOCKS = YES;
				GCC_OPTIMIZATION_LEVEL = 0;
				GCC_PREPROCESSOR_DEFINITIONS = (
					"DEBUG=1",
					"$(inherited)",
				);
				GCC_WARN_64_TO_32_BIT_CONVERSION = YES;
				GCC_WARN_ABOUT_RETURN_TYPE = YES_ERROR;
				GCC_WARN_UNDECLARED_SELECTOR = YES;
				GCC_WARN_UNINITIALIZED_AUTOS = YES_AGGRESSIVE;
				GCC_WARN_UNUSED_FUNCTION = YES;
				GCC_WARN_UNUSED_VARIABLE = YES;
				IPHONEOS_DEPLOYMENT_TARGET = 11.4;
				MTL_ENABLE_DEBUG_INFO = YES;
				ONLY_ACTIVE_ARCH = YES;
				SDKROOT = iphoneos;
				SWIFT_ACTIVE_COMPILATION_CONDITIONS = DEBUG;
				SWIFT_OPTIMIZATION_LEVEL = "-Onone";
			};
			name = Debug;
		};
		6552EF0821C4D1DA00E9D5EE /* Release */ = {
			isa = XCBuildConfiguration;
			buildSettings = {
				ALWAYS_SEARCH_USER_PATHS = NO;
				CLANG_ANALYZER_NONNULL = YES;
				CLANG_ANALYZER_NUMBER_OBJECT_CONVERSION = YES_AGGRESSIVE;
				CLANG_CXX_LANGUAGE_STANDARD = "gnu++14";
				CLANG_CXX_LIBRARY = "libc++";
				CLANG_ENABLE_MODULES = YES;
				CLANG_ENABLE_OBJC_ARC = YES;
				CLANG_ENABLE_OBJC_WEAK = YES;
				CLANG_WARN_BLOCK_CAPTURE_AUTORELEASING = YES;
				CLANG_WARN_BOOL_CONVERSION = YES;
				CLANG_WARN_COMMA = YES;
				CLANG_WARN_CONSTANT_CONVERSION = YES;
				CLANG_WARN_DEPRECATED_OBJC_IMPLEMENTATIONS = YES;
				CLANG_WARN_DIRECT_OBJC_ISA_USAGE = YES_ERROR;
				CLANG_WARN_DOCUMENTATION_COMMENTS = YES;
				CLANG_WARN_EMPTY_BODY = YES;
				CLANG_WARN_ENUM_CONVERSION = YES;
				CLANG_WARN_INFINITE_RECURSION = YES;
				CLANG_WARN_INT_CONVERSION = YES;
				CLANG_WARN_NON_LITERAL_NULL_CONVERSION = YES;
				CLANG_WARN_OBJC_IMPLICIT_RETAIN_SELF = YES;
				CLANG_WARN_OBJC_LITERAL_CONVERSION = YES;
				CLANG_WARN_OBJC_ROOT_CLASS = YES_ERROR;
				CLANG_WARN_RANGE_LOOP_ANALYSIS = YES;
				CLANG_WARN_STRICT_PROTOTYPES = YES;
				CLANG_WARN_SUSPICIOUS_MOVE = YES;
				CLANG_WARN_UNGUARDED_AVAILABILITY = YES_AGGRESSIVE;
				CLANG_WARN_UNREACHABLE_CODE = YES;
				CLANG_WARN__DUPLICATE_METHOD_MATCH = YES;
				CODE_SIGN_IDENTITY = "iPhone Developer";
				COPY_PHASE_STRIP = NO;
				DEBUG_INFORMATION_FORMAT = "dwarf-with-dsym";
				ENABLE_NS_ASSERTIONS = NO;
				ENABLE_STRICT_OBJC_MSGSEND = YES;
				GCC_C_LANGUAGE_STANDARD = gnu11;
				GCC_NO_COMMON_BLOCKS = YES;
				GCC_WARN_64_TO_32_BIT_CONVERSION = YES;
				GCC_WARN_ABOUT_RETURN_TYPE = YES_ERROR;
				GCC_WARN_UNDECLARED_SELECTOR = YES;
				GCC_WARN_UNINITIALIZED_AUTOS = YES_AGGRESSIVE;
				GCC_WARN_UNUSED_FUNCTION = YES;
				GCC_WARN_UNUSED_VARIABLE = YES;
				IPHONEOS_DEPLOYMENT_TARGET = 11.4;
				MTL_ENABLE_DEBUG_INFO = NO;
				SDKROOT = iphoneos;
				SWIFT_COMPILATION_MODE = wholemodule;
				SWIFT_OPTIMIZATION_LEVEL = "-O";
				VALIDATE_PRODUCT = YES;
			};
			name = Release;
		};
		6552EF0A21C4D1DA00E9D5EE /* Debug */ = {
			isa = XCBuildConfiguration;
			buildSettings = {
				ASSETCATALOG_COMPILER_APPICON_NAME = AppIcon;
				CODE_SIGN_STYLE = Automatic;
				INFOPLIST_FILE = MultiMVC2/Info.plist;
				LD_RUNPATH_SEARCH_PATHS = (
					"$(inherited)",
					"@executable_path/Frameworks",
				);
				PRODUCT_BUNDLE_IDENTIFIER = "-016110413.MultiMVC2";
				PRODUCT_NAME = "$(TARGET_NAME)";
				SWIFT_VERSION = 4.0;
				TARGETED_DEVICE_FAMILY = "1,2";
			};
			name = Debug;
		};
		6552EF0B21C4D1DA00E9D5EE /* Release */ = {
			isa = XCBuildConfiguration;
			buildSettings = {
				ASSETCATALOG_COMPILER_APPICON_NAME = AppIcon;
				CODE_SIGN_STYLE = Automatic;
				INFOPLIST_FILE = MultiMVC2/Info.plist;
				LD_RUNPATH_SEARCH_PATHS = (
					"$(inherited)",
					"@executable_path/Frameworks",
				);
				PRODUCT_BUNDLE_IDENTIFIER = "-016110413.MultiMVC2";
				PRODUCT_NAME = "$(TARGET_NAME)";
				SWIFT_VERSION = 4.0;
				TARGETED_DEVICE_FAMILY = "1,2";
			};
			name = Release;
		};
/* End XCBuildConfiguration section */

/* Begin XCConfigurationList section */
		6552EEF221C4D1D500E9D5EE /* Build configuration list for PBXProject "MultiMVC2" */ = {
			isa = XCConfigurationList;
			buildConfigurations = (
				6552EF0721C4D1DA00E9D5EE /* Debug */,
				6552EF0821C4D1DA00E9D5EE /* Release */,
			);
			defaultConfigurationIsVisible = 0;
			defaultConfigurationName = Release;
		};
		6552EF0921C4D1DA00E9D5EE /* Build configuration list for PBXNativeTarget "MultiMVC2" */ = {
			isa = XCConfigurationList;
			buildConfigurations = (
				6552EF0A21C4D1DA00E9D5EE /* Debug */,
				6552EF0B21C4D1DA00E9D5EE /* Release */,
			);
			defaultConfigurationIsVisible = 0;
			defaultConfigurationName = Release;
		};
/* End XCConfigurationList section */
	};
	rootObject = 6552EEEF21C4D1D500E9D5EE /* Project object */;
}
